
Microsoft Visual Studio Solution File, Format Version 12.00
# Visual Studio 15
VisualStudioVersion = 15.0.27130.2010
MinimumVisualStudioVersion = 10.0.40219.1
Project("{FAE04EC0-301F-11D3-BF4B-00C04F79EFBC}") = "PublicTrasportDashboard", "PublicTrasportDashboard\PublicTrasportDashboard.csproj", "{350629D5-EFFE-47FE-B776-368345C850FC}"
EndProject
Project("{FAE04EC0-301F-11D3-BF4B-00C04F79EFBC}") = "PublicTrasportDashboard.Tests", "PublicTrasportDashboard.Tests\PublicTrasportDashboard.Tests.csproj", "{1D40EC2A-0B0C-4DCC-9081-0F3D5F2748B6}"
EndProject
Global
	GlobalSection(SolutionConfigurationPlatforms) = preSolution
		Debug|Any CPU = Debug|Any CPU
		Release|Any CPU = Release|Any CPU
	EndGlobalSection
	GlobalSection(ProjectConfigurationPlatforms) = postSolution
		{350629D5-EFFE-47FE-B776-368345C850FC}.Debug|Any CPU.ActiveCfg = Debug|Any CPU
		{350629D5-EFFE-47FE-B776-368345C850FC}.Debug|Any CPU.Build.0 = Debug|Any CPU
		{350629D5-EFFE-47FE-B776-368345C850FC}.Release|Any CPU.ActiveCfg = Release|Any CPU
		{350629D5-EFFE-47FE-B776-368345C850FC}.Release|Any CPU.Build.0 = Release|Any CPU
		{1D40EC2A-0B0C-4DCC-9081-0F3D5F2748B6}.Debug|Any CPU.ActiveCfg = Debug|Any CPU
		{1D40EC2A-0B0C-4DCC-9081-0F3D5F2748B6}.Debug|Any CPU.Build.0 = Debug|Any CPU
		{1D40EC2A-0B0C-4DCC-9081-0F3D5F2748B6}.Release|Any CPU.ActiveCfg = Release|Any CPU
		{1D40EC2A-0B0C-4DCC-9081-0F3D5F2748B6}.Release|Any CPU.Build.0 = Release|Any CPU
	EndGlobalSection
	GlobalSection(SolutionProperties) = preSolution
		HideSolutionNode = FALSE
	EndGlobalSection
	GlobalSection(ExtensibilityGlobals) = postSolution
		SolutionGuid = {36EF72FE-8FE7-4F8C-AFFF-31919856B4EF}
	EndGlobalSection
EndGlobal
